
Microsoft Visual Studio Solution File, Format Version 12.00
# Visual Studio Version 17
VisualStudioVersion = 17.0.31903.59
MinimumVisualStudioVersion = 10.0.40219.1
Project("{FAE04EC0-301F-11D3-BF4B-00C04F79EFBC}") = "Tricky Animals", "Tricky Animals\Tricky Animals.csproj", "{F80722D7-D7F2-440B-BFFB-1A20C4625D8D}"
EndProject
Global
	GlobalSection(SolutionConfigurationPlatforms) = preSolution
		Debug|Any CPU = Debug|Any CPU
		Release|Any CPU = Release|Any CPU
	EndGlobalSection
	GlobalSection(ProjectConfigurationPlatforms) = postSolution
		{F80722D7-D7F2-440B-BFFB-1A20C4625D8D}.Debug|Any CPU.ActiveCfg = Debug|Any CPU
		{F80722D7-D7F2-440B-BFFB-1A20C4625D8D}.Debug|Any CPU.Build.0 = Debug|Any CPU
		{F80722D7-D7F2-440B-BFFB-1A20C4625D8D}.Release|Any CPU.ActiveCfg = Release|Any CPU
		{F80722D7-D7F2-440B-BFFB-1A20C4625D8D}.Release|Any CPU.Build.0 = Release|Any CPU
	EndGlobalSection
	GlobalSection(SolutionProperties) = preSolution
		HideSolutionNode = FALSE
	EndGlobalSection
	GlobalSection(ExtensibilityGlobals) = postSolution
		SolutionGuid = {650FB900-48AF-4A3D-9A47-4F3242281864}
	EndGlobalSection
EndGlobal
